
Microsoft Visual Studio Solution File, Format Version 12.00
# Visual Studio Version 17
VisualStudioVersion = 17.0.31903.59
MinimumVisualStudioVersion = 10.0.40219.1
Project("{FAE04EC0-301F-11D3-BF4B-00C04F79EFBC}") = "API", "API\API.csproj", "{9E08C5ED-DF0E-4309-A7D7-1EB9BDE634E1}"
EndProject
Project("{FAE04EC0-301F-11D3-BF4B-00C04F79EFBC}") = "Core", "Core\Core.csproj", "{1DA2AC05-495B-40D9-A970-EF4F5F463BDB}"
EndProject
Project("{FAE04EC0-301F-11D3-BF4B-00C04F79EFBC}") = "Infrastructure", "Infrastructure\Infrastructure.csproj", "{30BD7267-02D5-433E-B775-CE010FEC205F}"
EndProject
Global
	GlobalSection(SolutionConfigurationPlatforms) = preSolution
		Debug|Any CPU = Debug|Any CPU
		Release|Any CPU = Release|Any CPU
	EndGlobalSection
	GlobalSection(SolutionProperties) = preSolution
		HideSolutionNode = FALSE
	EndGlobalSection
	GlobalSection(ProjectConfigurationPlatforms) = postSolution
		{9E08C5ED-DF0E-4309-A7D7-1EB9BDE634E1}.Debug|Any CPU.ActiveCfg = Debug|Any CPU
		{9E08C5ED-DF0E-4309-A7D7-1EB9BDE634E1}.Debug|Any CPU.Build.0 = Debug|Any CPU
		{9E08C5ED-DF0E-4309-A7D7-1EB9BDE634E1}.Release|Any CPU.ActiveCfg = Release|Any CPU
		{9E08C5ED-DF0E-4309-A7D7-1EB9BDE634E1}.Release|Any CPU.Build.0 = Release|Any CPU
		{1DA2AC05-495B-40D9-A970-EF4F5F463BDB}.Debug|Any CPU.ActiveCfg = Debug|Any CPU
		{1DA2AC05-495B-40D9-A970-EF4F5F463BDB}.Debug|Any CPU.Build.0 = Debug|Any CPU
		{1DA2AC05-495B-40D9-A970-EF4F5F463BDB}.Release|Any CPU.ActiveCfg = Release|Any CPU
		{1DA2AC05-495B-40D9-A970-EF4F5F463BDB}.Release|Any CPU.Build.0 = Release|Any CPU
		{30BD7267-02D5-433E-B775-CE010FEC205F}.Debug|Any CPU.ActiveCfg = Debug|Any CPU
		{30BD7267-02D5-433E-B775-CE010FEC205F}.Debug|Any CPU.Build.0 = Debug|Any CPU
		{30BD7267-02D5-433E-B775-CE010FEC205F}.Release|Any CPU.ActiveCfg = Release|Any CPU
		{30BD7267-02D5-433E-B775-CE010FEC205F}.Release|Any CPU.Build.0 = Release|Any CPU
	EndGlobalSection
EndGlobal
